{
  "name": "Web",
  "requires": true,
  "lockfileVersion": 1,
  "dependencies": {
    "@yaireo/tagify": {
      "version": "2.31.2",
      "resolved": "https://registry.npmjs.org/@yaireo/tagify/-/tagify-2.31.2.tgz",
      "integrity": "sha512-VI8AeGE9Eo7oBTjKsQatSVFBBuqNKibNvFU2qfon/HZ/3h7CAz5z7osD+Gm5zwSO0ZJdUrKB5QJemiLPxpdFsg=="
    }
  }
}
